
Microsoft Visual Studio Solution File, Format Version 12.00
# Visual Studio Version 17
VisualStudioVersion = 17.4.33205.214
MinimumVisualStudioVersion = 10.0.40219.1
Project("{2150E333-8FDC-42A3-9474-1A3956D46DE8}") = "src", "src", "{BE95E724-3A32-439C-B45D-7D256F181665}"
EndProject
Project("{2150E333-8FDC-42A3-9474-1A3956D46DE8}") = "tests", "tests", "{3F457E2E-8FE0-4C43-95C3-91441F63A886}"
EndProject
Project("{FAE04EC0-301F-11D3-BF4B-00C04F79EFBC}") = "Domain", "Domain\Domain.csproj", "{52416E28-98AA-473B-B5E6-3A38B72EA30A}"
EndProject
Project("{FAE04EC0-301F-11D3-BF4B-00C04F79EFBC}") = "Domain.Tests", "Domain.Tests\Domain.Tests.csproj", "{9A7FE3EC-B3A7-4853-9214-EC0489394773}"
EndProject
Project("{2150E333-8FDC-42A3-9474-1A3956D46DE8}") = "Core", "Core", "{3DF08278-C494-474B-BE0B-8EAD4241ACE6}"
EndProject
Project("{2150E333-8FDC-42A3-9474-1A3956D46DE8}") = "Adapters", "Adapters", "{E07FF877-05EC-4C4D-ADA9-648EC1B9E355}"
EndProject
Project("{2150E333-8FDC-42A3-9474-1A3956D46DE8}") = "Driver", "Driver", "{F5976CC7-8432-4E77-9B54-11E56B3C3E6C}"
EndProject
Project("{2150E333-8FDC-42A3-9474-1A3956D46DE8}") = "Driven", "Driven", "{7926E1F4-B292-4810-A8D9-908DDA0B5F1A}"
EndProject
Project("{FAE04EC0-301F-11D3-BF4B-00C04F79EFBC}") = "API", "API\API.csproj", "{E2C1AE1B-D973-4865-B9C4-554C00B0787B}"
EndProject
Global
	GlobalSection(SolutionConfigurationPlatforms) = preSolution
		Debug|Any CPU = Debug|Any CPU
		Release|Any CPU = Release|Any CPU
	EndGlobalSection
	GlobalSection(ProjectConfigurationPlatforms) = postSolution
		{52416E28-98AA-473B-B5E6-3A38B72EA30A}.Debug|Any CPU.ActiveCfg = Debug|Any CPU
		{52416E28-98AA-473B-B5E6-3A38B72EA30A}.Debug|Any CPU.Build.0 = Debug|Any CPU
		{52416E28-98AA-473B-B5E6-3A38B72EA30A}.Release|Any CPU.ActiveCfg = Release|Any CPU
		{52416E28-98AA-473B-B5E6-3A38B72EA30A}.Release|Any CPU.Build.0 = Release|Any CPU
		{9A7FE3EC-B3A7-4853-9214-EC0489394773}.Debug|Any CPU.ActiveCfg = Debug|Any CPU
		{9A7FE3EC-B3A7-4853-9214-EC0489394773}.Debug|Any CPU.Build.0 = Debug|Any CPU
		{9A7FE3EC-B3A7-4853-9214-EC0489394773}.Release|Any CPU.ActiveCfg = Release|Any CPU
		{9A7FE3EC-B3A7-4853-9214-EC0489394773}.Release|Any CPU.Build.0 = Release|Any CPU
		{E2C1AE1B-D973-4865-B9C4-554C00B0787B}.Debug|Any CPU.ActiveCfg = Debug|Any CPU
		{E2C1AE1B-D973-4865-B9C4-554C00B0787B}.Debug|Any CPU.Build.0 = Debug|Any CPU
		{E2C1AE1B-D973-4865-B9C4-554C00B0787B}.Release|Any CPU.ActiveCfg = Release|Any CPU
		{E2C1AE1B-D973-4865-B9C4-554C00B0787B}.Release|Any CPU.Build.0 = Release|Any CPU
	EndGlobalSection
	GlobalSection(SolutionProperties) = preSolution
		HideSolutionNode = FALSE
	EndGlobalSection
	GlobalSection(NestedProjects) = preSolution
		{52416E28-98AA-473B-B5E6-3A38B72EA30A} = {3DF08278-C494-474B-BE0B-8EAD4241ACE6}
		{9A7FE3EC-B3A7-4853-9214-EC0489394773} = {3F457E2E-8FE0-4C43-95C3-91441F63A886}
		{3DF08278-C494-474B-BE0B-8EAD4241ACE6} = {BE95E724-3A32-439C-B45D-7D256F181665}
		{E07FF877-05EC-4C4D-ADA9-648EC1B9E355} = {BE95E724-3A32-439C-B45D-7D256F181665}
		{F5976CC7-8432-4E77-9B54-11E56B3C3E6C} = {E07FF877-05EC-4C4D-ADA9-648EC1B9E355}
		{7926E1F4-B292-4810-A8D9-908DDA0B5F1A} = {E07FF877-05EC-4C4D-ADA9-648EC1B9E355}
		{E2C1AE1B-D973-4865-B9C4-554C00B0787B} = {F5976CC7-8432-4E77-9B54-11E56B3C3E6C}
	EndGlobalSection
	GlobalSection(ExtensibilityGlobals) = postSolution
		SolutionGuid = {9B913CCC-F7AB-4F65-BAE4-C6A03FCD42A6}
	EndGlobalSection
EndGlobal
